PODS:
  - Masonry (1.1.0)
  - SnapKit (5.0.0)

DEPENDENCIES:
  - Masonry
  - SnapKit

SPEC REPOS:
  https://github.com/cocoapods/specs.git:
    - Masonry
    - SnapKit

SPEC CHECKSUMS:
  Masonry: 678fab65091a9290e40e2832a55e7ab731aad201
  SnapKit: fd22d10eb9aff484d79a8724eab922c1ddf89bcf

PODFILE CHECKSUM: 4ff1ecd99fed688d2e7df28208000f86b7287dd6

COCOAPODS: 1.7.5
